// !$*UTF8*$!
{
	archiveVersion = 1;
	classes = {
	};
	objectVersion = 56;
	objects = {

/* Begin PBXBuildFile section */
		0707DDB32AEA8F7B00CC63C8 /* BeActivApp.swift in Sources */ = {isa = PBXBuildFile; fileRef = 0707DDB22AEA8F7B00CC63C8 /* BeActivApp.swift */; };
		0707DDB52AEA8F7B00CC63C8 /* ContentView.swift in Sources */ = {isa = PBXBuildFile; fileRef = 0707DDB42AEA8F7B00CC63C8 /* ContentView.swift */; };
		0707DDB72AEA8F7C00CC63C8 /* Assets.xcassets in Resources */ = {isa = PBXBuildFile; fileRef = 0707DDB62AEA8F7C00CC63C8 /* Assets.xcassets */; };
		0707DDBA2AEA8F7C00CC63C8 /* Preview Assets.xcassets in Resources */ = {isa = PBXBuildFile; fileRef = 0707DDB92AEA8F7C00CC63C8 /* Preview Assets.xcassets */; };
		0707DDC12AEA8F9C00CC63C8 /* BeActivTabView.swift in Sources */ = {isa = PBXBuildFile; fileRef = 0707DDC02AEA8F9C00CC63C8 /* BeActivTabView.swift */; };
		0707DDC32AEA8FF900CC63C8 /* HomeView.swift in Sources */ = {isa = PBXBuildFile; fileRef = 0707DDC22AEA8FF900CC63C8 /* HomeView.swift */; };
		0707DDC52AEA904300CC63C8 /* ActivityCard.swift in Sources */ = {isa = PBXBuildFile; fileRef = 0707DDC42AEA904300CC63C8 /* ActivityCard.swift */; };
		0707DDC72AEA929E00CC63C8 /* HealthManager.swift in Sources */ = {isa = PBXBuildFile; fileRef = 0707DDC62AEA929E00CC63C8 /* HealthManager.swift */; };
		07912ADB2AED3EC9000BEA00 /* ChartsView.swift in Sources */ = {isa = PBXBuildFile; fileRef = 07912ADA2AED3EC9000BEA00 /* ChartsView.swift */; };
/* End PBXBuildFile section */

/* Begin PBXFileReference section */
		0707DDAF2AEA8F7B00CC63C8 /* BeActiv.app */ = {isa = PBXFileReference; explicitFileType = wrapper.application; includeInIndex = 0; path = BeActiv.app; sourceTree = BUILT_PRODUCTS_DIR; };
		0707DDB22AEA8F7B00CC63C8 /* BeActivApp.swift */ = {isa = PBXFileReference; lastKnownFileType = sourcecode.swift; path = BeActivApp.swift; sourceTree = "<group>"; };
		0707DDB42AEA8F7B00CC63C8 /* ContentView.swift */ = {isa = PBXFileReference; lastKnownFileType = sourcecode.swift; path = ContentView.swift; sourceTree = "<group>"; };
		0707DDB62AEA8F7C00CC63C8 /* Assets.xcassets */ = {isa = PBXFileReference; lastKnownFileType = folder.assetcatalog; path = Assets.xcassets; sourceTree = "<group>"; };
		0707DDB92AEA8F7C00CC63C8 /* Preview Assets.xcassets */ = {isa = PBXFileReference; lastKnownFileType = folder.assetcatalog; path = "Preview Assets.xcassets"; sourceTree = "<group>"; };
		0707DDC02AEA8F9C00CC63C8 /* BeActivTabView.swift */ = {isa = PBXFileReference; lastKnownFileType = sourcecode.swift; path = BeActivTabView.swift; sourceTree = "<group>"; };
		0707DDC22AEA8FF900CC63C8 /* HomeView.swift */ = {isa = PBXFileReference; lastKnownFileType = sourcecode.swift; path = HomeView.swift; sourceTree = "<group>"; };
		0707DDC42AEA904300CC63C8 /* ActivityCard.swift */ = {isa = PBXFileReference; lastKnownFileType = sourcecode.swift; path = ActivityCard.swift; sourceTree = "<group>"; };
		0707DDC62AEA929E00CC63C8 /* HealthManager.swift */ = {isa = PBXFileReference; lastKnownFileType = sourcecode.swift; path = HealthManager.swift; sourceTree = "<group>"; };
		0707DDC82AEA942500CC63C8 /* BeActiv.entitlements */ = {isa = PBXFileReference; lastKnownFileType = text.plist.entitlements; path = BeActiv.entitlements; sourceTree = "<group>"; };
		07912ADA2AED3EC9000BEA00 /* ChartsView.swift */ = {isa = PBXFileReference; lastKnownFileType = sourcecode.swift; path = ChartsView.swift; sourceTree = "<group>"; };
/* End PBXFileReference section */

/* Begin PBXFrameworksBuildPhase section */
		0707DDAC2AEA8F7B00CC63C8 /* Frameworks */ = {
			isa = PBXFrameworksBuildPhase;
			buildActionMask = 2147483647;
			files = (
			);
			runOnlyForDeploymentPostprocessing = 0;
		};
/* End PBXFrameworksBuildPhase section */

/* Begin PBXGroup section */
		0707DDA62AEA8F7B00CC63C8 = {
			isa = PBXGroup;
			children = (
				0707DDB12AEA8F7B00CC63C8 /* BeActiv */,
				0707DDB02AEA8F7B00CC63C8 /* Products */,
			);
			sourceTree = "<group>";
		};
		0707DDB02AEA8F7B00CC63C8 /* Products */ = {
			isa = PBXGroup;
			children = (
				0707DDAF2AEA8F7B00CC63C8 /* BeActiv.app */,
			);
			name = Products;
			sourceTree = "<group>";
		};
		0707DDB12AEA8F7B00CC63C8 /* BeActiv */ = {
			isa = PBXGroup;
			children = (
				0707DDC82AEA942500CC63C8 /* BeActiv.entitlements */,
				0707DDB22AEA8F7B00CC63C8 /* BeActivApp.swift */,
				0707DDB42AEA8F7B00CC63C8 /* ContentView.swift */,
				0707DDC02AEA8F9C00CC63C8 /* BeActivTabView.swift */,
				07912ADA2AED3EC9000BEA00 /* ChartsView.swift */,
				0707DDC22AEA8FF900CC63C8 /* HomeView.swift */,
				0707DDC62AEA929E00CC63C8 /* HealthManager.swift */,
				0707DDC42AEA904300CC63C8 /* ActivityCard.swift */,
				0707DDB62AEA8F7C00CC63C8 /* Assets.xcassets */,
				0707DDB82AEA8F7C00CC63C8 /* Preview Content */,
			);
			path = BeActiv;
			sourceTree = "<group>";
		};
		0707DDB82AEA8F7C00CC63C8 /* Preview Content */ = {
			isa = PBXGroup;
			children = (
				0707DDB92AEA8F7C00CC63C8 /* Preview Assets.xcassets */,
			);
			path = "Preview Content";
			sourceTree = "<group>";
		};
/* End PBXGroup section */

/* Begin PBXNativeTarget section */
		0707DDAE2AEA8F7B00CC63C8 /* BeActiv */ = {
			isa = PBXNativeTarget;
			buildConfigurationList = 0707DDBD2AEA8F7C00CC63C8 /* Build configuration list for PBXNativeTarget "BeActiv" */;
			buildPhases = (
				0707DDAB2AEA8F7B00CC63C8 /* Sources */,
				0707DDAC2AEA8F7B00CC63C8 /* Frameworks */,
				0707DDAD2AEA8F7B00CC63C8 /* Resources */,
			);
			buildRules = (
			);
			dependencies = (
			);
			name = BeActiv;
			productName = BeActiv;
			productReference = 0707DDAF2AEA8F7B00CC63C8 /* BeActiv.app */;
			productType = "com.apple.product-type.application";
		};
/* End PBXNativeTarget section */

/* Begin PBXProject section */
		0707DDA72AEA8F7B00CC63C8 /* Project object */ = {
			isa = PBXProject;
			attributes = {
				BuildIndependentTargetsInParallel = 1;
				LastSwiftUpdateCheck = 1500;
				LastUpgradeCheck = 1500;
				TargetAttributes = {
					0707DDAE2AEA8F7B00CC63C8 = {
						CreatedOnToolsVersion = 15.0;
					};
				};
			};
			buildConfigurationList = 0707DDAA2AEA8F7B00CC63C8 /* Build configuration list for PBXProject "BeActiv" */;
			compatibilityVersion = "Xcode 14.0";
			developmentRegion = en;
			hasScannedForEncodings = 0;
			knownRegions = (
				en,
				Base,
			);
			mainGroup = 0707DDA62AEA8F7B00CC63C8;
			productRefGroup = 0707DDB02AEA8F7B00CC63C8 /* Products */;
			projectDirPath = "";
			projectRoot = "";
			targets = (
				0707DDAE2AEA8F7B00CC63C8 /* BeActiv */,
			);
		};
/* End PBXProject section */

/* Begin PBXResourcesBuildPhase section */
		0707DDAD2AEA8F7B00CC63C8 /* Resources */ = {
			isa = PBXResourcesBuildPhase;
			buildActionMask = 2147483647;
			files = (
				0707DDBA2AEA8F7C00CC63C8 /* Preview Assets.xcassets in Resources */,
				0707DDB72AEA8F7C00CC63C8 /* Assets.xcassets in Resources */,
			);
			runOnlyForDeploymentPostprocessing = 0;
		};
/* End PBXResourcesBuildPhase section */

/* Begin PBXSourcesBuildPhase section */
		0707DDAB2AEA8F7B00CC63C8 /* Sources */ = {
			isa = PBXSourcesBuildPhase;
			buildActionMask = 2147483647;
			files = (
				07912ADB2AED3EC9000BEA00 /* ChartsView.swift in Sources */,
				0707DDB52AEA8F7B00CC63C8 /* ContentView.swift in Sources */,
				0707DDC72AEA929E00CC63C8 /* HealthManager.swift in Sources */,
				0707DDC32AEA8FF900CC63C8 /* HomeView.swift in Sources */,
				0707DDC12AEA8F9C00CC63C8 /* BeActivTabView.swift in Sources */,
				0707DDB32AEA8F7B00CC63C8 /* BeActivApp.swift in Sources */,
				0707DDC52AEA904300CC63C8 /* ActivityCard.swift in Sources */,
			);
			runOnlyForDeploymentPostprocessing = 0;
		};
/* End PBXSourcesBuildPhase section */

/* Begin XCBuildConfiguration section */
		0707DDBB2AEA8F7C00CC63C8 /* Debug */ = {
			isa = XCBuildConfiguration;
			buildSettings = {
				ALWAYS_SEARCH_USER_PATHS = NO;
				ASSETCATALOG_COMPILER_GENERATE_SWIFT_ASSET_SYMBOL_EXTENSIONS = YES;
				CLANG_ANALYZER_NONNULL = YES;
				CLANG_ANALYZER_NUMBER_OBJECT_CONVERSION = YES_AGGRESSIVE;
				CLANG_CXX_LANGUAGE_STANDARD = "gnu++20";
				CLANG_ENABLE_MODULES = YES;
				CLANG_ENABLE_OBJC_ARC = YES;
				CLANG_ENABLE_OBJC_WEAK = YES;
				CLANG_WARN_BLOCK_CAPTURE_AUTORELEASING = YES;
				CLANG_WARN_BOOL_CONVERSION = YES;
				CLANG_WARN_COMMA = YES;
				CLANG_WARN_CONSTANT_CONVERSION = YES;
				CLANG_WARN_DEPRECATED_OBJC_IMPLEMENTATIONS = YES;
				CLANG_WARN_DIRECT_OBJC_ISA_USAGE = YES_ERROR;
				CLANG_WARN_DOCUMENTATION_COMMENTS = YES;
				CLANG_WARN_EMPTY_BODY = YES;
				CLANG_WARN_ENUM_CONVERSION = YES;
				CLANG_WARN_INFINITE_RECURSION = YES;
				CLANG_WARN_INT_CONVERSION = YES;
				CLANG_WARN_NON_LITERAL_NULL_CONVERSION = YES;
				CLANG_WARN_OBJC_IMPLICIT_RETAIN_SELF = YES;
				CLANG_WARN_OBJC_LITERAL_CONVERSION = YES;
				CLANG_WARN_OBJC_ROOT_CLASS = YES_ERROR;
				CLANG_WARN_QUOTED_INCLUDE_IN_FRAMEWORK_HEADER = YES;
				CLANG_WARN_RANGE_LOOP_ANALYSIS = YES;
				CLANG_WARN_STRICT_PROTOTYPES = YES;
				CLANG_WARN_SUSPICIOUS_MOVE = YES;
				CLANG_WARN_UNGUARDED_AVAILABILITY = YES_AGGRESSIVE;
				CLANG_WARN_UNREACHABLE_CODE = YES;
				CLANG_WARN__DUPLICATE_METHOD_MATCH = YES;
				COPY_PHASE_STRIP = NO;
				DEBUG_INFORMATION_FORMAT = dwarf;
				ENABLE_STRICT_OBJC_MSGSEND = YES;
				ENABLE_TESTABILITY = YES;
				ENABLE_USER_SCRIPT_SANDBOXING = YES;
				GCC_C_LANGUAGE_STANDARD = gnu17;
				GCC_DYNAMIC_NO_PIC = NO;
				GCC_NO_COMMON_BLOCKS = YES;
				GCC_OPTIMIZATION_LEVEL = 0;
				GCC_PREPROCESSOR_DEFINITIONS = (
					"DEBUG=1",
					"$(inherited)",
				);
				GCC_WARN_64_TO_32_BIT_CONVERSION = YES;
				GCC_WARN_ABOUT_RETURN_TYPE = YES_ERROR;
				GCC_WARN_UNDECLARED_SELECTOR = YES;
				GCC_WARN_UNINITIALIZED_AUTOS = YES_AGGRESSIVE;
				GCC_WARN_UNUSED_FUNCTION = YES;
				GCC_WARN_UNUSED_VARIABLE = YES;
				IPHONEOS_DEPLOYMENT_TARGET = 17.0;
				LOCALIZATION_PREFERS_STRING_CATALOGS = YES;
				MTL_ENABLE_DEBUG_INFO = INCLUDE_SOURCE;
				MTL_FAST_MATH = YES;
				ONLY_ACTIVE_ARCH = YES;
				SDKROOT = iphoneos;
				SWIFT_ACTIVE_COMPILATION_CONDITIONS = "DEBUG $(inherited)";
				SWIFT_OPTIMIZATION_LEVEL = "-Onone";
			};
			name = Debug;
		};
		0707DDBC2AEA8F7C00CC63C8 /* Release */ = {
			isa = XCBuildConfiguration;
			buildSettings = {
				ALWAYS_SEARCH_USER_PATHS = NO;
				ASSETCATALOG_COMPILER_GENERATE_SWIFT_ASSET_SYMBOL_EXTENSIONS = YES;
				CLANG_ANALYZER_NONNULL = YES;
				CLANG_ANALYZER_NUMBER_OBJECT_CONVERSION = YES_AGGRESSIVE;
				CLANG_CXX_LANGUAGE_STANDARD = "gnu++20";
				CLANG_ENABLE_MODULES = YES;
				CLANG_ENABLE_OBJC_ARC = YES;
				CLANG_ENABLE_OBJC_WEAK = YES;
				CLANG_WARN_BLOCK_CAPTURE_AUTORELEASING = YES;
				CLANG_WARN_BOOL_CONVERSION = YES;
				CLANG_WARN_COMMA = YES;
				CLANG_WARN_CONSTANT_CONVERSION = YES;
				CLANG_WARN_DEPRECATED_OBJC_IMPLEMENTATIONS = YES;
				CLANG_WARN_DIRECT_OBJC_ISA_USAGE = YES_ERROR;
				CLANG_WARN_DOCUMENTATION_COMMENTS = YES;
				CLANG_WARN_EMPTY_BODY = YES;
				CLANG_WARN_ENUM_CONVERSION = YES;
				CLANG_WARN_INFINITE_RECURSION = YES;
				CLANG_WARN_INT_CONVERSION = YES;
				CLANG_WARN_NON_LITERAL_NULL_CONVERSION = YES;
				CLANG_WARN_OBJC_IMPLICIT_RETAIN_SELF = YES;
				CLANG_WARN_OBJC_LITERAL_CONVERSION = YES;
				CLANG_WARN_OBJC_ROOT_CLASS = YES_ERROR;
				CLANG_WARN_QUOTED_INCLUDE_IN_FRAMEWORK_HEADER = YES;
				CLANG_WARN_RANGE_LOOP_ANALYSIS = YES;
				CLANG_WARN_STRICT_PROTOTYPES = YES;
				CLANG_WARN_SUSPICIOUS_MOVE = YES;
				CLANG_WARN_UNGUARDED_AVAILABILITY = YES_AGGRESSIVE;
				CLANG_WARN_UNREACHABLE_CODE = YES;
				CLANG_WARN__DUPLICATE_METHOD_MATCH = YES;
				COPY_PHASE_STRIP = NO;
				DEBUG_INFORMATION_FORMAT = "dwarf-with-dsym";
				ENABLE_NS_ASSERTIONS = NO;
				ENABLE_STRICT_OBJC_MSGSEND = YES;
				ENABLE_USER_SCRIPT_SANDBOXING = YES;
				GCC_C_LANGUAGE_STANDARD = gnu17;
				GCC_NO_COMMON_BLOCKS = YES;
				GCC_WARN_64_TO_32_BIT_CONVERSION = YES;
				GCC_WARN_ABOUT_RETURN_TYPE = YES_ERROR;
				GCC_WARN_UNDECLARED_SELECTOR = YES;
				GCC_WARN_UNINITIALIZED_AUTOS = YES_AGGRESSIVE;
				GCC_WARN_UNUSED_FUNCTION = YES;
				GCC_WARN_UNUSED_VARIABLE = YES;
				IPHONEOS_DEPLOYMENT_TARGET = 17.0;
				LOCALIZATION_PREFERS_STRING_CATALOGS = YES;
				MTL_ENABLE_DEBUG_INFO = NO;
				MTL_FAST_MATH = YES;
				SDKROOT = iphoneos;
				SWIFT_COMPILATION_MODE = wholemodule;
				VALIDATE_PRODUCT = YES;
			};
			name = Release;
		};
		0707DDBE2AEA8F7C00CC63C8 /* Debug */ = {
			isa = XCBuildConfiguration;
			buildSettings = {
				ASSETCATALOG_COMPILER_APPICON_NAME = AppIcon;
				ASSETCATALOG_COMPILER_GLOBAL_ACCENT_COLOR_NAME = AccentColor;
				CODE_SIGN_ENTITLEMENTS = BeActiv/BeActiv.entitlements;
				CODE_SIGN_STYLE = Automatic;
				CURRENT_PROJECT_VERSION = 1;
				DEVELOPMENT_ASSET_PATHS = "\"BeActiv/Preview Content\"";
				DEVELOPMENT_TEAM = H7MDDDPC4H;
				ENABLE_PREVIEWS = YES;
				GENERATE_INFOPLIST_FILE = YES;
				INFOPLIST_KEY_NSHealthShareUsageDescription = "Please allow access to enjoy features of our application";
				INFOPLIST_KEY_UIApplicationSceneManifest_Generation = YES;
				INFOPLIST_KEY_UIApplicationSupportsIndirectInputEvents = YES;
				INFOPLIST_KEY_UILaunchScreen_Generation = YES;
				INFOPLIST_KEY_UISupportedInterfaceOrientations_iPad = "UIInterfaceOrientationPortrait UIInterfaceOrientationPortraitUpsideDown UIInterfaceOrientationLandscapeLeft UIInterfaceOrientationLandscapeRight";
				INFOPLIST_KEY_UISupportedInterfaceOrientations_iPhone = "UIInterfaceOrientationPortrait UIInterfaceOrientationLandscapeLeft UIInterfaceOrientationLandscapeRight";
				LD_RUNPATH_SEARCH_PATHS = (
					"$(inherited)",
					"@executable_path/Frameworks",
				);
				MARKETING_VERSION = 1.0;
				PRODUCT_BUNDLE_IDENTIFIER = com.eric.BeActiv;
				PRODUCT_NAME = "$(TARGET_NAME)";
				SWIFT_EMIT_LOC_STRINGS = YES;
				SWIFT_VERSION = 5.0;
				TARGETED_DEVICE_FAMILY = "1,2";
			};
			name = Debug;
		};
		0707DDBF2AEA8F7C00CC63C8 /* Release */ = {
			isa = XCBuildConfiguration;
			buildSettings = {
				ASSETCATALOG_COMPILER_APPICON_NAME = AppIcon;
				ASSETCATALOG_COMPILER_GLOBAL_ACCENT_COLOR_NAME = AccentColor;
				CODE_SIGN_ENTITLEMENTS = BeActiv/BeActiv.entitlements;
				CODE_SIGN_STYLE = Automatic;
				CURRENT_PROJECT_VERSION = 1;
				DEVELOPMENT_ASSET_PATHS = "\"BeActiv/Preview Content\"";
				DEVELOPMENT_TEAM = H7MDDDPC4H;
				ENABLE_PREVIEWS = YES;
				GENERATE_INFOPLIST_FILE = YES;
				INFOPLIST_KEY_NSHealthShareUsageDescription = "Please allow access to enjoy features of our application";
				INFOPLIST_KEY_UIApplicationSceneManifest_Generation = YES;
				INFOPLIST_KEY_UIApplicationSupportsIndirectInputEvents = YES;
				INFOPLIST_KEY_UILaunchScreen_Generation = YES;
				INFOPLIST_KEY_UISupportedInterfaceOrientations_iPad = "UIInterfaceOrientationPortrait UIInterfaceOrientationPortraitUpsideDown UIInterfaceOrientationLandscapeLeft UIInterfaceOrientationLandscapeRight";
				INFOPLIST_KEY_UISupportedInterfaceOrientations_iPhone = "UIInterfaceOrientationPortrait UIInterfaceOrientationLandscapeLeft UIInterfaceOrientationLandscapeRight";
				LD_RUNPATH_SEARCH_PATHS = (
					"$(inherited)",
					"@executable_path/Frameworks",
				);
				MARKETING_VERSION = 1.0;
				PRODUCT_BUNDLE_IDENTIFIER = com.eric.BeActiv;
				PRODUCT_NAME = "$(TARGET_NAME)";
				SWIFT_EMIT_LOC_STRINGS = YES;
				SWIFT_VERSION = 5.0;
				TARGETED_DEVICE_FAMILY = "1,2";
			};
			name = Release;
		};
/* End XCBuildConfiguration section */

/* Begin XCConfigurationList section */
		0707DDAA2AEA8F7B00CC63C8 /* Build configuration list for PBXProject "BeActiv" */ = {
			isa = XCConfigurationList;
			buildConfigurations = (
				0707DDBB2AEA8F7C00CC63C8 /* Debug */,
				0707DDBC2AEA8F7C00CC63C8 /* Release */,
			);
			defaultConfigurationIsVisible = 0;
			defaultConfigurationName = Release;
		};
		0707DDBD2AEA8F7C00CC63C8 /* Build configuration list for PBXNativeTarget "BeActiv" */ = {
			isa = XCConfigurationList;
			buildConfigurations = (
				0707DDBE2AEA8F7C00CC63C8 /* Debug */,
				0707DDBF2AEA8F7C00CC63C8 /* Release */,
			);
			defaultConfigurationIsVisible = 0;
			defaultConfigurationName = Release;
		};
/* End XCConfigurationList section */
	};
	rootObject = 0707DDA72AEA8F7B00CC63C8 /* Project object */;
}
